
Microsoft Visual Studio Solution File, Format Version 11.00
# Visual Studio 2010
Project("{FAE04EC0-301F-11D3-BF4B-00C04F79EFBC}") = "Assembly-CSharp", "Assembly-CSharp.csproj", "{EB6798D9-9CD0-A09B-EC5E-0CC31997A4F5}"
EndProject
Project("{FAE04EC0-301F-11D3-BF4B-00C04F79EFBC}") = "Assembly-CSharp-firstpass", "Assembly-CSharp-firstpass.csproj", "{2AF36044-34B9-E629-AAF6-DA87F84F6A39}"
EndProject
Project("{FAE04EC0-301F-11D3-BF4B-00C04F79EFBC}") = "Assembly-CSharp-Editor-firstpass", "Assembly-CSharp-Editor-firstpass.csproj", "{82EAAE83-3094-C156-0E66-63EB211F8B60}"
EndProject
Project("{FAE04EC0-301F-11D3-BF4B-00C04F79EFBC}") = "Assembly-CSharp-Editor", "Assembly-CSharp-Editor.csproj", "{55A2DEB1-C31D-9919-0E63-7DE7E0DD8426}"
EndProject
Global
	GlobalSection(SolutionConfigurationPlatforms) = preSolution
		Debug|Any CPU = Debug|Any CPU
		Release|Any CPU = Release|Any CPU
	EndGlobalSection
	GlobalSection(ProjectConfigurationPlatforms) = postSolution
		{EB6798D9-9CD0-A09B-EC5E-0CC31997A4F5}.Debug|Any CPU.ActiveCfg = Debug|Any CPU
		{EB6798D9-9CD0-A09B-EC5E-0CC31997A4F5}.Debug|Any CPU.Build.0 = Debug|Any CPU
		{EB6798D9-9CD0-A09B-EC5E-0CC31997A4F5}.Release|Any CPU.ActiveCfg = Release|Any CPU
		{EB6798D9-9CD0-A09B-EC5E-0CC31997A4F5}.Release|Any CPU.Build.0 = Release|Any CPU
		{2AF36044-34B9-E629-AAF6-DA87F84F6A39}.Debug|Any CPU.ActiveCfg = Debug|Any CPU
		{2AF36044-34B9-E629-AAF6-DA87F84F6A39}.Debug|Any CPU.Build.0 = Debug|Any CPU
		{2AF36044-34B9-E629-AAF6-DA87F84F6A39}.Release|Any CPU.ActiveCfg = Release|Any CPU
		{2AF36044-34B9-E629-AAF6-DA87F84F6A39}.Release|Any CPU.Build.0 = Release|Any CPU
		{82EAAE83-3094-C156-0E66-63EB211F8B60}.Debug|Any CPU.ActiveCfg = Debug|Any CPU
		{82EAAE83-3094-C156-0E66-63EB211F8B60}.Debug|Any CPU.Build.0 = Debug|Any CPU
		{82EAAE83-3094-C156-0E66-63EB211F8B60}.Release|Any CPU.ActiveCfg = Release|Any CPU
		{82EAAE83-3094-C156-0E66-63EB211F8B60}.Release|Any CPU.Build.0 = Release|Any CPU
		{55A2DEB1-C31D-9919-0E63-7DE7E0DD8426}.Debug|Any CPU.ActiveCfg = Debug|Any CPU
		{55A2DEB1-C31D-9919-0E63-7DE7E0DD8426}.Debug|Any CPU.Build.0 = Debug|Any CPU
		{55A2DEB1-C31D-9919-0E63-7DE7E0DD8426}.Release|Any CPU.ActiveCfg = Release|Any CPU
		{55A2DEB1-C31D-9919-0E63-7DE7E0DD8426}.Release|Any CPU.Build.0 = Release|Any CPU
	EndGlobalSection
	GlobalSection(SolutionProperties) = preSolution
		HideSolutionNode = FALSE
	EndGlobalSection
EndGlobal
